schema: '2.0'
stages:
  clean:
    cmd: python -m src.data.clean
    deps:
    - path: data/raw/test.csv
      hash: md5
      md5: f1aa5e7534cb35769c66a3fbcaa85dbc
      size: 175260
    - path: data/raw/train.csv
      hash: md5
      md5: 7a73e1bca30675b426264035af19d980
      size: 1179089
    - path: src/data/clean.py
      hash: md5
      md5: 93d9f4b9a96f142eb165f87a42f859c9
      size: 7657
    outs:
    - path: data/clean/test_clean.csv
      hash: md5
      md5: 139779daa2bc8067d14555ff1d999ca0
      size: 206141
    - path: data/clean/train_clean.csv
      hash: md5
      md5: 3e82d408ccf067312f86ff27de1793ac
      size: 1199379
  ingest:
    cmd: python -m src.data.ingest
    deps:
    - path: data/clean/test_clean.csv
      hash: md5
      md5: 139779daa2bc8067d14555ff1d999ca0
      size: 206141
    - path: data/clean/train_clean.csv
      hash: md5
      md5: 3e82d408ccf067312f86ff27de1793ac
      size: 1199379
    outs:
    - path: data/processed/ingested_test.csv
      hash: md5
      md5: 7573d6a74f3a1c30c72371866eed5a7e
      size: 205998
    - path: data/processed/ingested_train.csv
      hash: md5
      md5: f09709065165109e701d67c7574d7a71
      size: 1199379
  validate:
    cmd: python src/data/validate_run.py
    deps:
    - path: data/raw/test.csv
      hash: md5
      md5: f1aa5e7534cb35769c66a3fbcaa85dbc
      size: 175260
    - path: data/raw/train.csv
      hash: md5
      md5: 7a73e1bca30675b426264035af19d980
      size: 1179089
    - path: src/data/validate_run.py
      hash: md5
      md5: e5a88a5175dce3d50b5d20522aaf85af
      size: 3236
    outs:
    - path: mlops/data_quality/validation_metrics.json
      hash: md5
      md5: abf7f283e4b982235e8ca07c418239da
      size: 213
  train:
    cmd: python -m pipelines.training_pipeline
    deps:
    - path: data/processed/ingested_train.csv
      hash: md5
      md5: f09709065165109e701d67c7574d7a71
      size: 1199379
    - path: pipelines/training_pipeline.py
      hash: md5
      md5: 14aeb51884f44f280258a93566bd0a11
      size: 5406
    outs:
    - path: models/metrics.json
      hash: md5
      md5: 4ed738e6973097582adf739416893677
      size: 236
    - path: models/model.pkl
      hash: md5
      md5: 83b27df43bf8e8c9c319f44a62dfc477
      size: 2144
  baseline:
    cmd: python -m src.models.baseline
    deps:
    - path: data/processed/ingested_train.csv
      hash: md5
      md5: f09709065165109e701d67c7574d7a71
      size: 1199379
    - path: models/preprocessor.pkl
      hash: md5
      md5: b848ef9b14ff17deb54fcc6084822ce0
      size: 5836
    - path: src/models/baseline.py
      hash: md5
      md5: 7e15118319946223bfbb8f16d69dc22d
      size: 4672
    - path: src/models/train.py
      hash: md5
      md5: 49ad89607d93e5687fc12889ec5c6205
      size: 11909
    outs:
    - path: models/baseline_summary.json
      hash: md5
      md5: 94ac19c3828d4051a103d4c33e367309
      size: 3350
    - path: models/best_baseline_model.pkl
      hash: md5
      md5: 8d01c0a88ab5c3c15e1c485d97b104a4
      size: 1559310
    - path: models/leaderboard.json
      hash: md5
      md5: 2d58ccd58920bbce655a7acfebdedf2c
      size: 3034
